
Microsoft Visual Studio Solution File, Format Version 12.00
# Visual Studio Version 17
VisualStudioVersion = 17.0.31903.59
MinimumVisualStudioVersion = 10.0.40219.1
Project("{FAE04EC0-301F-11D3-BF4B-00C04F79EFBC}") = "source", "source\source.csproj", "{15DD8905-92A7-48BE-BAE4-D4EB85315BE4}"
EndProject
Project("{FAE04EC0-301F-11D3-BF4B-00C04F79EFBC}") = "Source.Tests", "Source.Tests\Source.Tests.csproj", "{3F36CE3C-F1C0-4EB7-8990-8D331B233C28}"
EndProject
Global
	GlobalSection(SolutionConfigurationPlatforms) = preSolution
		Debug|Any CPU = Debug|Any CPU
		Release|Any CPU = Release|Any CPU
	EndGlobalSection
	GlobalSection(SolutionProperties) = preSolution
		HideSolutionNode = FALSE
	EndGlobalSection
	GlobalSection(ProjectConfigurationPlatforms) = postSolution
		{15DD8905-92A7-48BE-BAE4-D4EB85315BE4}.Debug|Any CPU.ActiveCfg = Debug|Any CPU
		{15DD8905-92A7-48BE-BAE4-D4EB85315BE4}.Debug|Any CPU.Build.0 = Debug|Any CPU
		{15DD8905-92A7-48BE-BAE4-D4EB85315BE4}.Release|Any CPU.ActiveCfg = Release|Any CPU
		{15DD8905-92A7-48BE-BAE4-D4EB85315BE4}.Release|Any CPU.Build.0 = Release|Any CPU
		{3F36CE3C-F1C0-4EB7-8990-8D331B233C28}.Debug|Any CPU.ActiveCfg = Debug|Any CPU
		{3F36CE3C-F1C0-4EB7-8990-8D331B233C28}.Debug|Any CPU.Build.0 = Debug|Any CPU
		{3F36CE3C-F1C0-4EB7-8990-8D331B233C28}.Release|Any CPU.ActiveCfg = Release|Any CPU
		{3F36CE3C-F1C0-4EB7-8990-8D331B233C28}.Release|Any CPU.Build.0 = Release|Any CPU
	EndGlobalSection
EndGlobal
